
Microsoft Visual Studio Solution File, Format Version 12.00
# Visual Studio Version 17
VisualStudioVersion = 17.13.35828.75
MinimumVisualStudioVersion = 10.0.40219.1
Project("{FAE04EC0-301F-11D3-BF4B-00C04F79EFBC}") = "DIAuditor", "DIAuditor.csproj", "{DDB7A1F5-7E30-5652-65AC-E23CC23AF2DC}"
EndProject
Global
	GlobalSection(SolutionConfigurationPlatforms) = preSolution
		Debug|Any CPU = Debug|Any CPU
		Release|Any CPU = Release|Any CPU
	EndGlobalSection
	GlobalSection(ProjectConfigurationPlatforms) = postSolution
		{DDB7A1F5-7E30-5652-65AC-E23CC23AF2DC}.Debug|Any CPU.ActiveCfg = Debug|Any CPU
		{DDB7A1F5-7E30-5652-65AC-E23CC23AF2DC}.Debug|Any CPU.Build.0 = Debug|Any CPU
		{DDB7A1F5-7E30-5652-65AC-E23CC23AF2DC}.Release|Any CPU.ActiveCfg = Release|Any CPU
		{DDB7A1F5-7E30-5652-65AC-E23CC23AF2DC}.Release|Any CPU.Build.0 = Release|Any CPU
	EndGlobalSection
	GlobalSection(SolutionProperties) = preSolution
		HideSolutionNode = FALSE
	EndGlobalSection
	GlobalSection(ExtensibilityGlobals) = postSolution
		SolutionGuid = {EAC14EDE-0E95-42BD-A7E4-6D514B65B5DE}
	EndGlobalSection
EndGlobal
